
Microsoft Visual Studio Solution File, Format Version 12.00
# Visual Studio 15
VisualStudioVersion = 15.0.28010.2036
MinimumVisualStudioVersion = 10.0.40219.1
Project("{FAE04EC0-301F-11D3-BF4B-00C04F79EFBC}") = "Kitap.MODEL", "Kitap.MODEL\Kitap.MODEL.csproj", "{3EACA395-1C78-45C5-BA33-1E1C8887228B}"
EndProject
Project("{FAE04EC0-301F-11D3-BF4B-00C04F79EFBC}") = "Kitap.MAP", "Kitap.MAP\Kitap.MAP.csproj", "{20065C65-1267-4A0C-8B5B-93C78A35BE83}"
EndProject
Project("{FAE04EC0-301F-11D3-BF4B-00C04F79EFBC}") = "Kitap.DAL", "Kitap.DAL\Kitap.DAL.csproj", "{CCD57498-EEE0-4436-82B1-80B9FB06E96C}"
EndProject
Project("{FAE04EC0-301F-11D3-BF4B-00C04F79EFBC}") = "Kitap.BLL", "Kitap.BLL\Kitap.BLL.csproj", "{38C773FA-6539-4851-A677-A40A046A1AD1}"
EndProject
Project("{FAE04EC0-301F-11D3-BF4B-00C04F79EFBC}") = "Kitap.API", "Kitap.API\Kitap.API.csproj", "{60A4B106-CC4D-421F-BA41-7D82DBBFF952}"
EndProject
Project("{FAE04EC0-301F-11D3-BF4B-00C04F79EFBC}") = "Kitap.TOOLS", "Kitap.TOOLS\Kitap.TOOLS.csproj", "{3BFA95F9-787E-4385-8C3F-C4E7FC97EC22}"
EndProject
Project("{FAE04EC0-301F-11D3-BF4B-00C04F79EFBC}") = "Kitap.VIEWMODEL", "Kitap.VIEWMODEL\Kitap.VIEWMODEL.csproj", "{0F009886-5FE0-4E02-B2BC-8C694EB9BD30}"
EndProject
Project("{FAE04EC0-301F-11D3-BF4B-00C04F79EFBC}") = "MVCUI", "MVCUI\MVCUI.csproj", "{29A24CB3-D5E4-494A-91C3-51A69DDC9D0B}"
EndProject
Project("{262852C6-CD72-467D-83FE-5EEB1973A190}") = "MOBILUI", "MOBILUI\MOBILUI.jsproj", "{CDB9526B-12EA-4CD6-A762-49738B6A7E54}"
EndProject
Global
	GlobalSection(SolutionConfigurationPlatforms) = preSolution
		Debug|Android = Debug|Android
		Debug|Any CPU = Debug|Any CPU
		Debug|iOS = Debug|iOS
		Debug|Windows-ARM = Debug|Windows-ARM
		Debug|Windows-x64 = Debug|Windows-x64
		Debug|Windows-x86 = Debug|Windows-x86
		Release|Android = Release|Android
		Release|Any CPU = Release|Any CPU
		Release|iOS = Release|iOS
		Release|Windows-ARM = Release|Windows-ARM
		Release|Windows-x64 = Release|Windows-x64
		Release|Windows-x86 = Release|Windows-x86
	EndGlobalSection
	GlobalSection(ProjectConfigurationPlatforms) = postSolution
		{3EACA395-1C78-45C5-BA33-1E1C8887228B}.Debug|Android.ActiveCfg = Debug|Any CPU
		{3EACA395-1C78-45C5-BA33-1E1C8887228B}.Debug|Android.Build.0 = Debug|Any CPU
		{3EACA395-1C78-45C5-BA33-1E1C8887228B}.Debug|Any CPU.ActiveCfg = Debug|Any CPU
		{3EACA395-1C78-45C5-BA33-1E1C8887228B}.Debug|Any CPU.Build.0 = Debug|Any CPU
		{3EACA395-1C78-45C5-BA33-1E1C8887228B}.Debug|iOS.ActiveCfg = Debug|Any CPU
		{3EACA395-1C78-45C5-BA33-1E1C8887228B}.Debug|iOS.Build.0 = Debug|Any CPU
		{3EACA395-1C78-45C5-BA33-1E1C8887228B}.Debug|Windows-ARM.ActiveCfg = Debug|Any CPU
		{3EACA395-1C78-45C5-BA33-1E1C8887228B}.Debug|Windows-ARM.Build.0 = Debug|Any CPU
		{3EACA395-1C78-45C5-BA33-1E1C8887228B}.Debug|Windows-x64.ActiveCfg = Debug|Any CPU
		{3EACA395-1C78-45C5-BA33-1E1C8887228B}.Debug|Windows-x64.Build.0 = Debug|Any CPU
		{3EACA395-1C78-45C5-BA33-1E1C8887228B}.Debug|Windows-x86.ActiveCfg = Debug|Any CPU
		{3EACA395-1C78-45C5-BA33-1E1C8887228B}.Debug|Windows-x86.Build.0 = Debug|Any CPU
		{3EACA395-1C78-45C5-BA33-1E1C8887228B}.Release|Android.ActiveCfg = Release|Any CPU
		{3EACA395-1C78-45C5-BA33-1E1C8887228B}.Release|Android.Build.0 = Release|Any CPU
		{3EACA395-1C78-45C5-BA33-1E1C8887228B}.Release|Any CPU.ActiveCfg = Release|Any CPU
		{3EACA395-1C78-45C5-BA33-1E1C8887228B}.Release|Any CPU.Build.0 = Release|Any CPU
		{3EACA395-1C78-45C5-BA33-1E1C8887228B}.Release|iOS.ActiveCfg = Release|Any CPU
		{3EACA395-1C78-45C5-BA33-1E1C8887228B}.Release|iOS.Build.0 = Release|Any CPU
		{3EACA395-1C78-45C5-BA33-1E1C8887228B}.Release|Windows-ARM.ActiveCfg = Release|Any CPU
		{3EACA395-1C78-45C5-BA33-1E1C8887228B}.Release|Windows-ARM.Build.0 = Release|Any CPU
		{3EACA395-1C78-45C5-BA33-1E1C8887228B}.Release|Windows-x64.ActiveCfg = Release|Any CPU
		{3EACA395-1C78-45C5-BA33-1E1C8887228B}.Release|Windows-x64.Build.0 = Release|Any CPU
		{3EACA395-1C78-45C5-BA33-1E1C8887228B}.Release|Windows-x86.ActiveCfg = Release|Any CPU
		{3EACA395-1C78-45C5-BA33-1E1C8887228B}.Release|Windows-x86.Build.0 = Release|Any CPU
		{20065C65-1267-4A0C-8B5B-93C78A35BE83}.Debug|Android.ActiveCfg = Debug|Any CPU
		{20065C65-1267-4A0C-8B5B-93C78A35BE83}.Debug|Android.Build.0 = Debug|Any CPU
		{20065C65-1267-4A0C-8B5B-93C78A35BE83}.Debug|Any CPU.ActiveCfg = Debug|Any CPU
		{20065C65-1267-4A0C-8B5B-93C78A35BE83}.Debug|Any CPU.Build.0 = Debug|Any CPU
		{20065C65-1267-4A0C-8B5B-93C78A35BE83}.Debug|iOS.ActiveCfg = Debug|Any CPU
		{20065C65-1267-4A0C-8B5B-93C78A35BE83}.Debug|iOS.Build.0 = Debug|Any CPU
		{20065C65-1267-4A0C-8B5B-93C78A35BE83}.Debug|Windows-ARM.ActiveCfg = Debug|Any CPU
		{20065C65-1267-4A0C-8B5B-93C78A35BE83}.Debug|Windows-ARM.Build.0 = Debug|Any CPU
		{20065C65-1267-4A0C-8B5B-93C78A35BE83}.Debug|Windows-x64.ActiveCfg = Debug|Any CPU
		{20065C65-1267-4A0C-8B5B-93C78A35BE83}.Debug|Windows-x64.Build.0 = Debug|Any CPU
		{20065C65-1267-4A0C-8B5B-93C78A35BE83}.Debug|Windows-x86.ActiveCfg = Debug|Any CPU
		{20065C65-1267-4A0C-8B5B-93C78A35BE83}.Debug|Windows-x86.Build.0 = Debug|Any CPU
		{20065C65-1267-4A0C-8B5B-93C78A35BE83}.Release|Android.ActiveCfg = Release|Any CPU
		{20065C65-1267-4A0C-8B5B-93C78A35BE83}.Release|Android.Build.0 = Release|Any CPU
		{20065C65-1267-4A0C-8B5B-93C78A35BE83}.Release|Any CPU.ActiveCfg = Release|Any CPU
		{20065C65-1267-4A0C-8B5B-93C78A35BE83}.Release|Any CPU.Build.0 = Release|Any CPU
		{20065C65-1267-4A0C-8B5B-93C78A35BE83}.Release|iOS.ActiveCfg = Release|Any CPU
		{20065C65-1267-4A0C-8B5B-93C78A35BE83}.Release|iOS.Build.0 = Release|Any CPU
		{20065C65-1267-4A0C-8B5B-93C78A35BE83}.Release|Windows-ARM.ActiveCfg = Release|Any CPU
		{20065C65-1267-4A0C-8B5B-93C78A35BE83}.Release|Windows-ARM.Build.0 = Release|Any CPU
		{20065C65-1267-4A0C-8B5B-93C78A35BE83}.Release|Windows-x64.ActiveCfg = Release|Any CPU
		{20065C65-1267-4A0C-8B5B-93C78A35BE83}.Release|Windows-x64.Build.0 = Release|Any CPU
		{20065C65-1267-4A0C-8B5B-93C78A35BE83}.Release|Windows-x86.ActiveCfg = Release|Any CPU
		{20065C65-1267-4A0C-8B5B-93C78A35BE83}.Release|Windows-x86.Build.0 = Release|Any CPU
		{CCD57498-EEE0-4436-82B1-80B9FB06E96C}.Debug|Android.ActiveCfg = Debug|Any CPU
		{CCD57498-EEE0-4436-82B1-80B9FB06E96C}.Debug|Android.Build.0 = Debug|Any CPU
		{CCD57498-EEE0-4436-82B1-80B9FB06E96C}.Debug|Any CPU.ActiveCfg = Debug|Any CPU
		{CCD57498-EEE0-4436-82B1-80B9FB06E96C}.Debug|Any CPU.Build.0 = Debug|Any CPU
		{CCD57498-EEE0-4436-82B1-80B9FB06E96C}.Debug|iOS.ActiveCfg = Debug|Any CPU
		{CCD57498-EEE0-4436-82B1-80B9FB06E96C}.Debug|iOS.Build.0 = Debug|Any CPU
		{CCD57498-EEE0-4436-82B1-80B9FB06E96C}.Debug|Windows-ARM.ActiveCfg = Debug|Any CPU
		{CCD57498-EEE0-4436-82B1-80B9FB06E96C}.Debug|Windows-ARM.Build.0 = Debug|Any CPU
		{CCD57498-EEE0-4436-82B1-80B9FB06E96C}.Debug|Windows-x64.ActiveCfg = Debug|Any CPU
		{CCD57498-EEE0-4436-82B1-80B9FB06E96C}.Debug|Windows-x64.Build.0 = Debug|Any CPU
		{CCD57498-EEE0-4436-82B1-80B9FB06E96C}.Debug|Windows-x86.ActiveCfg = Debug|Any CPU
		{CCD57498-EEE0-4436-82B1-80B9FB06E96C}.Debug|Windows-x86.Build.0 = Debug|Any CPU
		{CCD57498-EEE0-4436-82B1-80B9FB06E96C}.Release|Android.ActiveCfg = Release|Any CPU
		{CCD57498-EEE0-4436-82B1-80B9FB06E96C}.Release|Android.Build.0 = Release|Any CPU
		{CCD57498-EEE0-4436-82B1-80B9FB06E96C}.Release|Any CPU.ActiveCfg = Release|Any CPU
		{CCD57498-EEE0-4436-82B1-80B9FB06E96C}.Release|Any CPU.Build.0 = Release|Any CPU
		{CCD57498-EEE0-4436-82B1-80B9FB06E96C}.Release|iOS.ActiveCfg = Release|Any CPU
		{CCD57498-EEE0-4436-82B1-80B9FB06E96C}.Release|iOS.Build.0 = Release|Any CPU
		{CCD57498-EEE0-4436-82B1-80B9FB06E96C}.Release|Windows-ARM.ActiveCfg = Release|Any CPU
		{CCD57498-EEE0-4436-82B1-80B9FB06E96C}.Release|Windows-ARM.Build.0 = Release|Any CPU
		{CCD57498-EEE0-4436-82B1-80B9FB06E96C}.Release|Windows-x64.ActiveCfg = Release|Any CPU
		{CCD57498-EEE0-4436-82B1-80B9FB06E96C}.Release|Windows-x64.Build.0 = Release|Any CPU
		{CCD57498-EEE0-4436-82B1-80B9FB06E96C}.Release|Windows-x86.ActiveCfg = Release|Any CPU
		{CCD57498-EEE0-4436-82B1-80B9FB06E96C}.Release|Windows-x86.Build.0 = Release|Any CPU
		{38C773FA-6539-4851-A677-A40A046A1AD1}.Debug|Android.ActiveCfg = Debug|Any CPU
		{38C773FA-6539-4851-A677-A40A046A1AD1}.Debug|Android.Build.0 = Debug|Any CPU
		{38C773FA-6539-4851-A677-A40A046A1AD1}.Debug|Any CPU.ActiveCfg = Debug|Any CPU
		{38C773FA-6539-4851-A677-A40A046A1AD1}.Debug|Any CPU.Build.0 = Debug|Any CPU
		{38C773FA-6539-4851-A677-A40A046A1AD1}.Debug|iOS.ActiveCfg = Debug|Any CPU
		{38C773FA-6539-4851-A677-A40A046A1AD1}.Debug|iOS.Build.0 = Debug|Any CPU
		{38C773FA-6539-4851-A677-A40A046A1AD1}.Debug|Windows-ARM.ActiveCfg = Debug|Any CPU
		{38C773FA-6539-4851-A677-A40A046A1AD1}.Debug|Windows-ARM.Build.0 = Debug|Any CPU
		{38C773FA-6539-4851-A677-A40A046A1AD1}.Debug|Windows-x64.ActiveCfg = Debug|Any CPU
		{38C773FA-6539-4851-A677-A40A046A1AD1}.Debug|Windows-x64.Build.0 = Debug|Any CPU
		{38C773FA-6539-4851-A677-A40A046A1AD1}.Debug|Windows-x86.ActiveCfg = Debug|Any CPU
		{38C773FA-6539-4851-A677-A40A046A1AD1}.Debug|Windows-x86.Build.0 = Debug|Any CPU
		{38C773FA-6539-4851-A677-A40A046A1AD1}.Release|Android.ActiveCfg = Release|Any CPU
		{38C773FA-6539-4851-A677-A40A046A1AD1}.Release|Android.Build.0 = Release|Any CPU
		{38C773FA-6539-4851-A677-A40A046A1AD1}.Release|Any CPU.ActiveCfg = Release|Any CPU
		{38C773FA-6539-4851-A677-A40A046A1AD1}.Release|Any CPU.Build.0 = Release|Any CPU
		{38C773FA-6539-4851-A677-A40A046A1AD1}.Release|iOS.ActiveCfg = Release|Any CPU
		{38C773FA-6539-4851-A677-A40A046A1AD1}.Release|iOS.Build.0 = Release|Any CPU
		{38C773FA-6539-4851-A677-A40A046A1AD1}.Release|Windows-ARM.ActiveCfg = Release|Any CPU
		{38C773FA-6539-4851-A677-A40A046A1AD1}.Release|Windows-ARM.Build.0 = Release|Any CPU
		{38C773FA-6539-4851-A677-A40A046A1AD1}.Release|Windows-x64.ActiveCfg = Release|Any CPU
		{38C773FA-6539-4851-A677-A40A046A1AD1}.Release|Windows-x64.Build.0 = Release|Any CPU
		{38C773FA-6539-4851-A677-A40A046A1AD1}.Release|Windows-x86.ActiveCfg = Release|Any CPU
		{38C773FA-6539-4851-A677-A40A046A1AD1}.Release|Windows-x86.Build.0 = Release|Any CPU
		{60A4B106-CC4D-421F-BA41-7D82DBBFF952}.Debug|Android.ActiveCfg = Debug|Any CPU
		{60A4B106-CC4D-421F-BA41-7D82DBBFF952}.Debug|Android.Build.0 = Debug|Any CPU
		{60A4B106-CC4D-421F-BA41-7D82DBBFF952}.Debug|Any CPU.ActiveCfg = Debug|Any CPU
		{60A4B106-CC4D-421F-BA41-7D82DBBFF952}.Debug|Any CPU.Build.0 = Debug|Any CPU
		{60A4B106-CC4D-421F-BA41-7D82DBBFF952}.Debug|iOS.ActiveCfg = Debug|Any CPU
		{60A4B106-CC4D-421F-BA41-7D82DBBFF952}.Debug|iOS.Build.0 = Debug|Any CPU
		{60A4B106-CC4D-421F-BA41-7D82DBBFF952}.Debug|Windows-ARM.ActiveCfg = Debug|Any CPU
		{60A4B106-CC4D-421F-BA41-7D82DBBFF952}.Debug|Windows-ARM.Build.0 = Debug|Any CPU
		{60A4B106-CC4D-421F-BA41-7D82DBBFF952}.Debug|Windows-x64.ActiveCfg = Debug|Any CPU
		{60A4B106-CC4D-421F-BA41-7D82DBBFF952}.Debug|Windows-x64.Build.0 = Debug|Any CPU
		{60A4B106-CC4D-421F-BA41-7D82DBBFF952}.Debug|Windows-x86.ActiveCfg = Debug|Any CPU
		{60A4B106-CC4D-421F-BA41-7D82DBBFF952}.Debug|Windows-x86.Build.0 = Debug|Any CPU
		{60A4B106-CC4D-421F-BA41-7D82DBBFF952}.Release|Android.ActiveCfg = Release|Any CPU
		{60A4B106-CC4D-421F-BA41-7D82DBBFF952}.Release|Android.Build.0 = Release|Any CPU
		{60A4B106-CC4D-421F-BA41-7D82DBBFF952}.Release|Any CPU.ActiveCfg = Release|Any CPU
		{60A4B106-CC4D-421F-BA41-7D82DBBFF952}.Release|Any CPU.Build.0 = Release|Any CPU
		{60A4B106-CC4D-421F-BA41-7D82DBBFF952}.Release|iOS.ActiveCfg = Release|Any CPU
		{60A4B106-CC4D-421F-BA41-7D82DBBFF952}.Release|iOS.Build.0 = Release|Any CPU
		{60A4B106-CC4D-421F-BA41-7D82DBBFF952}.Release|Windows-ARM.ActiveCfg = Release|Any CPU
		{60A4B106-CC4D-421F-BA41-7D82DBBFF952}.Release|Windows-ARM.Build.0 = Release|Any CPU
		{60A4B106-CC4D-421F-BA41-7D82DBBFF952}.Release|Windows-x64.ActiveCfg = Release|Any CPU
		{60A4B106-CC4D-421F-BA41-7D82DBBFF952}.Release|Windows-x64.Build.0 = Release|Any CPU
		{60A4B106-CC4D-421F-BA41-7D82DBBFF952}.Release|Windows-x86.ActiveCfg = Release|Any CPU
		{60A4B106-CC4D-421F-BA41-7D82DBBFF952}.Release|Windows-x86.Build.0 = Release|Any CPU
		{3BFA95F9-787E-4385-8C3F-C4E7FC97EC22}.Debug|Android.ActiveCfg = Debug|Any CPU
		{3BFA95F9-787E-4385-8C3F-C4E7FC97EC22}.Debug|Android.Build.0 = Debug|Any CPU
		{3BFA95F9-787E-4385-8C3F-C4E7FC97EC22}.Debug|Any CPU.ActiveCfg = Debug|Any CPU
		{3BFA95F9-787E-4385-8C3F-C4E7FC97EC22}.Debug|Any CPU.Build.0 = Debug|Any CPU
		{3BFA95F9-787E-4385-8C3F-C4E7FC97EC22}.Debug|iOS.ActiveCfg = Debug|Any CPU
		{3BFA95F9-787E-4385-8C3F-C4E7FC97EC22}.Debug|iOS.Build.0 = Debug|Any CPU
		{3BFA95F9-787E-4385-8C3F-C4E7FC97EC22}.Debug|Windows-ARM.ActiveCfg = Debug|Any CPU
		{3BFA95F9-787E-4385-8C3F-C4E7FC97EC22}.Debug|Windows-ARM.Build.0 = Debug|Any CPU
		{3BFA95F9-787E-4385-8C3F-C4E7FC97EC22}.Debug|Windows-x64.ActiveCfg = Debug|Any CPU
		{3BFA95F9-787E-4385-8C3F-C4E7FC97EC22}.Debug|Windows-x64.Build.0 = Debug|Any CPU
		{3BFA95F9-787E-4385-8C3F-C4E7FC97EC22}.Debug|Windows-x86.ActiveCfg = Debug|Any CPU
		{3BFA95F9-787E-4385-8C3F-C4E7FC97EC22}.Debug|Windows-x86.Build.0 = Debug|Any CPU
		{3BFA95F9-787E-4385-8C3F-C4E7FC97EC22}.Release|Android.ActiveCfg = Release|Any CPU
		{3BFA95F9-787E-4385-8C3F-C4E7FC97EC22}.Release|Android.Build.0 = Release|Any CPU
		{3BFA95F9-787E-4385-8C3F-C4E7FC97EC22}.Release|Any CPU.ActiveCfg = Release|Any CPU
		{3BFA95F9-787E-4385-8C3F-C4E7FC97EC22}.Release|Any CPU.Build.0 = Release|Any CPU
		{3BFA95F9-787E-4385-8C3F-C4E7FC97EC22}.Release|iOS.ActiveCfg = Release|Any CPU
		{3BFA95F9-787E-4385-8C3F-C4E7FC97EC22}.Release|iOS.Build.0 = Release|Any CPU
		{3BFA95F9-787E-4385-8C3F-C4E7FC97EC22}.Release|Windows-ARM.ActiveCfg = Release|Any CPU
		{3BFA95F9-787E-4385-8C3F-C4E7FC97EC22}.Release|Windows-ARM.Build.0 = Release|Any CPU
		{3BFA95F9-787E-4385-8C3F-C4E7FC97EC22}.Release|Windows-x64.ActiveCfg = Release|Any CPU
		{3BFA95F9-787E-4385-8C3F-C4E7FC97EC22}.Release|Windows-x64.Build.0 = Release|Any CPU
		{3BFA95F9-787E-4385-8C3F-C4E7FC97EC22}.Release|Windows-x86.ActiveCfg = Release|Any CPU
		{3BFA95F9-787E-4385-8C3F-C4E7FC97EC22}.Release|Windows-x86.Build.0 = Release|Any CPU
		{0F009886-5FE0-4E02-B2BC-8C694EB9BD30}.Debug|Android.ActiveCfg = Debug|Any CPU
		{0F009886-5FE0-4E02-B2BC-8C694EB9BD30}.Debug|Android.Build.0 = Debug|Any CPU
		{0F009886-5FE0-4E02-B2BC-8C694EB9BD30}.Debug|Any CPU.ActiveCfg = Debug|Any CPU
		{0F009886-5FE0-4E02-B2BC-8C694EB9BD30}.Debug|Any CPU.Build.0 = Debug|Any CPU
		{0F009886-5FE0-4E02-B2BC-8C694EB9BD30}.Debug|iOS.ActiveCfg = Debug|Any CPU
		{0F009886-5FE0-4E02-B2BC-8C694EB9BD30}.Debug|iOS.Build.0 = Debug|Any CPU
		{0F009886-5FE0-4E02-B2BC-8C694EB9BD30}.Debug|Windows-ARM.ActiveCfg = Debug|Any CPU
		{0F009886-5FE0-4E02-B2BC-8C694EB9BD30}.Debug|Windows-ARM.Build.0 = Debug|Any CPU
		{0F009886-5FE0-4E02-B2BC-8C694EB9BD30}.Debug|Windows-x64.ActiveCfg = Debug|Any CPU
		{0F009886-5FE0-4E02-B2BC-8C694EB9BD30}.Debug|Windows-x64.Build.0 = Debug|Any CPU
		{0F009886-5FE0-4E02-B2BC-8C694EB9BD30}.Debug|Windows-x86.ActiveCfg = Debug|Any CPU
		{0F009886-5FE0-4E02-B2BC-8C694EB9BD30}.Debug|Windows-x86.Build.0 = Debug|Any CPU
		{0F009886-5FE0-4E02-B2BC-8C694EB9BD30}.Release|Android.ActiveCfg = Release|Any CPU
		{0F009886-5FE0-4E02-B2BC-8C694EB9BD30}.Release|Android.Build.0 = Release|Any CPU
		{0F009886-5FE0-4E02-B2BC-8C694EB9BD30}.Release|Any CPU.ActiveCfg = Release|Any CPU
		{0F009886-5FE0-4E02-B2BC-8C694EB9BD30}.Release|Any CPU.Build.0 = Release|Any CPU
		{0F009886-5FE0-4E02-B2BC-8C694EB9BD30}.Release|iOS.ActiveCfg = Release|Any CPU
		{0F009886-5FE0-4E02-B2BC-8C694EB9BD30}.Release|iOS.Build.0 = Release|Any CPU
		{0F009886-5FE0-4E02-B2BC-8C694EB9BD30}.Release|Windows-ARM.ActiveCfg = Release|Any CPU
		{0F009886-5FE0-4E02-B2BC-8C694EB9BD30}.Release|Windows-ARM.Build.0 = Release|Any CPU
		{0F009886-5FE0-4E02-B2BC-8C694EB9BD30}.Release|Windows-x64.ActiveCfg = Release|Any CPU
		{0F009886-5FE0-4E02-B2BC-8C694EB9BD30}.Release|Windows-x64.Build.0 = Release|Any CPU
		{0F009886-5FE0-4E02-B2BC-8C694EB9BD30}.Release|Windows-x86.ActiveCfg = Release|Any CPU
		{0F009886-5FE0-4E02-B2BC-8C694EB9BD30}.Release|Windows-x86.Build.0 = Release|Any CPU
		{29A24CB3-D5E4-494A-91C3-51A69DDC9D0B}.Debug|Android.ActiveCfg = Debug|Any CPU
		{29A24CB3-D5E4-494A-91C3-51A69DDC9D0B}.Debug|Android.Build.0 = Debug|Any CPU
		{29A24CB3-D5E4-494A-91C3-51A69DDC9D0B}.Debug|Any CPU.ActiveCfg = Debug|Any CPU
		{29A24CB3-D5E4-494A-91C3-51A69DDC9D0B}.Debug|Any CPU.Build.0 = Debug|Any CPU
		{29A24CB3-D5E4-494A-91C3-51A69DDC9D0B}.Debug|iOS.ActiveCfg = Debug|Any CPU
		{29A24CB3-D5E4-494A-91C3-51A69DDC9D0B}.Debug|iOS.Build.0 = Debug|Any CPU
		{29A24CB3-D5E4-494A-91C3-51A69DDC9D0B}.Debug|Windows-ARM.ActiveCfg = Debug|Any CPU
		{29A24CB3-D5E4-494A-91C3-51A69DDC9D0B}.Debug|Windows-ARM.Build.0 = Debug|Any CPU
		{29A24CB3-D5E4-494A-91C3-51A69DDC9D0B}.Debug|Windows-x64.ActiveCfg = Debug|Any CPU
		{29A24CB3-D5E4-494A-91C3-51A69DDC9D0B}.Debug|Windows-x64.Build.0 = Debug|Any CPU
		{29A24CB3-D5E4-494A-91C3-51A69DDC9D0B}.Debug|Windows-x86.ActiveCfg = Debug|Any CPU
		{29A24CB3-D5E4-494A-91C3-51A69DDC9D0B}.Debug|Windows-x86.Build.0 = Debug|Any CPU
		{29A24CB3-D5E4-494A-91C3-51A69DDC9D0B}.Release|Android.ActiveCfg = Release|Any CPU
		{29A24CB3-D5E4-494A-91C3-51A69DDC9D0B}.Release|Android.Build.0 = Release|Any CPU
		{29A24CB3-D5E4-494A-91C3-51A69DDC9D0B}.Release|Any CPU.ActiveCfg = Release|Any CPU
		{29A24CB3-D5E4-494A-91C3-51A69DDC9D0B}.Release|Any CPU.Build.0 = Release|Any CPU
		{29A24CB3-D5E4-494A-91C3-51A69DDC9D0B}.Release|iOS.ActiveCfg = Release|Any CPU
		{29A24CB3-D5E4-494A-91C3-51A69DDC9D0B}.Release|iOS.Build.0 = Release|Any CPU
		{29A24CB3-D5E4-494A-91C3-51A69DDC9D0B}.Release|Windows-ARM.ActiveCfg = Release|Any CPU
		{29A24CB3-D5E4-494A-91C3-51A69DDC9D0B}.Release|Windows-ARM.Build.0 = Release|Any CPU
		{29A24CB3-D5E4-494A-91C3-51A69DDC9D0B}.Release|Windows-x64.ActiveCfg = Release|Any CPU
		{29A24CB3-D5E4-494A-91C3-51A69DDC9D0B}.Release|Windows-x64.Build.0 = Release|Any CPU
		{29A24CB3-D5E4-494A-91C3-51A69DDC9D0B}.Release|Windows-x86.ActiveCfg = Release|Any CPU
		{29A24CB3-D5E4-494A-91C3-51A69DDC9D0B}.Release|Windows-x86.Build.0 = Release|Any CPU
		{CDB9526B-12EA-4CD6-A762-49738B6A7E54}.Debug|Android.ActiveCfg = Debug|Android
		{CDB9526B-12EA-4CD6-A762-49738B6A7E54}.Debug|Android.Build.0 = Debug|Android
		{CDB9526B-12EA-4CD6-A762-49738B6A7E54}.Debug|Android.Deploy.0 = Debug|Android
		{CDB9526B-12EA-4CD6-A762-49738B6A7E54}.Debug|Any CPU.ActiveCfg = Debug|Android
		{CDB9526B-12EA-4CD6-A762-49738B6A7E54}.Debug|iOS.ActiveCfg = Debug|iOS
		{CDB9526B-12EA-4CD6-A762-49738B6A7E54}.Debug|iOS.Build.0 = Debug|iOS
		{CDB9526B-12EA-4CD6-A762-49738B6A7E54}.Debug|iOS.Deploy.0 = Debug|iOS
		{CDB9526B-12EA-4CD6-A762-49738B6A7E54}.Debug|Windows-ARM.ActiveCfg = Debug|Windows-ARM
		{CDB9526B-12EA-4CD6-A762-49738B6A7E54}.Debug|Windows-ARM.Build.0 = Debug|Windows-ARM
		{CDB9526B-12EA-4CD6-A762-49738B6A7E54}.Debug|Windows-ARM.Deploy.0 = Debug|Windows-ARM
		{CDB9526B-12EA-4CD6-A762-49738B6A7E54}.Debug|Windows-x64.ActiveCfg = Debug|Windows-x64
		{CDB9526B-12EA-4CD6-A762-49738B6A7E54}.Debug|Windows-x64.Build.0 = Debug|Windows-x64
		{CDB9526B-12EA-4CD6-A762-49738B6A7E54}.Debug|Windows-x64.Deploy.0 = Debug|Windows-x64
		{CDB9526B-12EA-4CD6-A762-49738B6A7E54}.Debug|Windows-x86.ActiveCfg = Debug|Windows-x86
		{CDB9526B-12EA-4CD6-A762-49738B6A7E54}.Debug|Windows-x86.Build.0 = Debug|Windows-x86
		{CDB9526B-12EA-4CD6-A762-49738B6A7E54}.Debug|Windows-x86.Deploy.0 = Debug|Windows-x86
		{CDB9526B-12EA-4CD6-A762-49738B6A7E54}.Release|Android.ActiveCfg = Release|Android
		{CDB9526B-12EA-4CD6-A762-49738B6A7E54}.Release|Android.Build.0 = Release|Android
		{CDB9526B-12EA-4CD6-A762-49738B6A7E54}.Release|Android.Deploy.0 = Release|Android
		{CDB9526B-12EA-4CD6-A762-49738B6A7E54}.Release|Any CPU.ActiveCfg = Release|Android
		{CDB9526B-12EA-4CD6-A762-49738B6A7E54}.Release|iOS.ActiveCfg = Release|iOS
		{CDB9526B-12EA-4CD6-A762-49738B6A7E54}.Release|iOS.Build.0 = Release|iOS
		{CDB9526B-12EA-4CD6-A762-49738B6A7E54}.Release|iOS.Deploy.0 = Release|iOS
		{CDB9526B-12EA-4CD6-A762-49738B6A7E54}.Release|Windows-ARM.ActiveCfg = Release|Windows-ARM
		{CDB9526B-12EA-4CD6-A762-49738B6A7E54}.Release|Windows-ARM.Build.0 = Release|Windows-ARM
		{CDB9526B-12EA-4CD6-A762-49738B6A7E54}.Release|Windows-ARM.Deploy.0 = Release|Windows-ARM
		{CDB9526B-12EA-4CD6-A762-49738B6A7E54}.Release|Windows-x64.ActiveCfg = Release|Windows-x64
		{CDB9526B-12EA-4CD6-A762-49738B6A7E54}.Release|Windows-x64.Build.0 = Release|Windows-x64
		{CDB9526B-12EA-4CD6-A762-49738B6A7E54}.Release|Windows-x64.Deploy.0 = Release|Windows-x64
		{CDB9526B-12EA-4CD6-A762-49738B6A7E54}.Release|Windows-x86.ActiveCfg = Release|Windows-x86
		{CDB9526B-12EA-4CD6-A762-49738B6A7E54}.Release|Windows-x86.Build.0 = Release|Windows-x86
		{CDB9526B-12EA-4CD6-A762-49738B6A7E54}.Release|Windows-x86.Deploy.0 = Release|Windows-x86
	EndGlobalSection
	GlobalSection(SolutionProperties) = preSolution
		HideSolutionNode = FALSE
	EndGlobalSection
	GlobalSection(ExtensibilityGlobals) = postSolution
		SolutionGuid = {BE5EBB13-9D41-4BBD-9164-B4F0C4C6CC84}
	EndGlobalSection
EndGlobal
